
Microsoft Visual Studio Solution File, Format Version 12.00
# Visual Studio Version 17
VisualStudioVersion = 17.1.32319.34
MinimumVisualStudioVersion = 10.0.40219.1
Project("{9A19103F-16F7-4668-BE54-9A1E7A4F7556}") = "Library", "Library\Library.csproj", "{45B80C10-F974-4CAE-929D-D950CE913F55}"
EndProject
Global
	GlobalSection(SolutionConfigurationPlatforms) = preSolution
		Debug|Any CPU = Debug|Any CPU
		Release|Any CPU = Release|Any CPU
	EndGlobalSection
	GlobalSection(ProjectConfigurationPlatforms) = postSolution
		{45B80C10-F974-4CAE-929D-D950CE913F55}.Debug|Any CPU.ActiveCfg = Debug|Any CPU
		{45B80C10-F974-4CAE-929D-D950CE913F55}.Debug|Any CPU.Build.0 = Debug|Any CPU
		{45B80C10-F974-4CAE-929D-D950CE913F55}.Release|Any CPU.ActiveCfg = Release|Any CPU
		{45B80C10-F974-4CAE-929D-D950CE913F55}.Release|Any CPU.Build.0 = Release|Any CPU
	EndGlobalSection
	GlobalSection(SolutionProperties) = preSolution
		HideSolutionNode = FALSE
	EndGlobalSection
	GlobalSection(ExtensibilityGlobals) = postSolution
		SolutionGuid = {1625C61F-4277-478F-A878-EE4D075AFC3F}
	EndGlobalSection
EndGlobal
